Microsoft Visual Studio Solution File, Format Version 12.00
# Visual Studio 2012
Project("{FAE04EC0-301F-11D3-BF4B-00C04F79EFBC}") = "MSP", "MSP.csproj", "{70911918-CD32-43B2-8264-3A0E75C963AB}"
EndProject
Global
	GlobalSection(SolutionConfigurationPlatforms) = preSolution
	Debug|Any CPU = Debug|Any CPU
	ExportDebug|Any CPU = ExportDebug|Any CPU
	ExportRelease|Any CPU = ExportRelease|Any CPU
	EndGlobalSection
	GlobalSection(ProjectConfigurationPlatforms) = postSolution
		{70911918-CD32-43B2-8264-3A0E75C963AB}.Debug|Any CPU.ActiveCfg = Debug|Any CPU
		{70911918-CD32-43B2-8264-3A0E75C963AB}.Debug|Any CPU.Build.0 = Debug|Any CPU
		{70911918-CD32-43B2-8264-3A0E75C963AB}.ExportDebug|Any CPU.ActiveCfg = ExportDebug|Any CPU
		{70911918-CD32-43B2-8264-3A0E75C963AB}.ExportDebug|Any CPU.Build.0 = ExportDebug|Any CPU
		{70911918-CD32-43B2-8264-3A0E75C963AB}.ExportRelease|Any CPU.ActiveCfg = ExportRelease|Any CPU
		{70911918-CD32-43B2-8264-3A0E75C963AB}.ExportRelease|Any CPU.Build.0 = ExportRelease|Any CPU
	EndGlobalSection
EndGlobal
